
Microsoft Visual Studio Solution File, Format Version 12.00
# Visual Studio Version 17
VisualStudioVersion = 17.3.32901.215
MinimumVisualStudioVersion = 10.0.40219.1
Project("{FAE04EC0-301F-11D3-BF4B-00C04F79EFBC}") = "MauiEmu", "MauiEmu\MauiEmu.csproj", "{7611D459-45F0-4A77-B860-03BB6759447D}"
EndProject
Global
	GlobalSection(SolutionConfigurationPlatforms) = preSolution
		Debug|Any CPU = Debug|Any CPU
		Release|Any CPU = Release|Any CPU
	EndGlobalSection
	GlobalSection(ProjectConfigurationPlatforms) = postSolution
		{7611D459-45F0-4A77-B860-03BB6759447D}.Debug|Any CPU.ActiveCfg = Debug|Any CPU
		{7611D459-45F0-4A77-B860-03BB6759447D}.Debug|Any CPU.Build.0 = Debug|Any CPU
		{7611D459-45F0-4A77-B860-03BB6759447D}.Debug|Any CPU.Deploy.0 = Debug|Any CPU
		{7611D459-45F0-4A77-B860-03BB6759447D}.Release|Any CPU.ActiveCfg = Release|Any CPU
		{7611D459-45F0-4A77-B860-03BB6759447D}.Release|Any CPU.Build.0 = Release|Any CPU
		{7611D459-45F0-4A77-B860-03BB6759447D}.Release|Any CPU.Deploy.0 = Release|Any CPU
	EndGlobalSection
	GlobalSection(SolutionProperties) = preSolution
		HideSolutionNode = FALSE
	EndGlobalSection
	GlobalSection(ExtensibilityGlobals) = postSolution
		SolutionGuid = {F8D06ADB-37AB-472E-80A2-EE32333A2A88}
	EndGlobalSection
EndGlobal
